// !$*UTF8*$!
{
	archiveVersion = 1;
	classes = {
	};
	objectVersion = 50;
	objects = {

/* Begin PBXBuildFile section */
		5D474D8A23F6683B00182AF8 /* atoi.swift in Sources */ = {isa = PBXBuildFile; fileRef = 5D474D8923F6683B00182AF8 /* atoi.swift */; };
		5D474D8C23F6F5AC00182AF8 /* 3Sum Closest.swift in Sources */ = {isa = PBXBuildFile; fileRef = 5D474D8B23F6F5AC00182AF8 /* 3Sum Closest.swift */; };
		5D474D8E23F9C73D00182AF8 /* 3Sum.swift in Sources */ = {isa = PBXBuildFile; fileRef = 5D474D8D23F9C73D00182AF8 /* 3Sum.swift */; };
		5D474D9023FA083C00182AF8 /* Move Zeroes.swift in Sources */ = {isa = PBXBuildFile; fileRef = 5D474D8F23FA083C00182AF8 /* Move Zeroes.swift */; };
		5D474D9223FA0C4600182AF8 /* Rotate Array.swift in Sources */ = {isa = PBXBuildFile; fileRef = 5D474D9123FA0C4600182AF8 /* Rotate Array.swift */; };
		5D53A26123D0C68B0007E99E /* main.swift in Sources */ = {isa = PBXBuildFile; fileRef = 5D53A26023D0C68B0007E99E /* main.swift */; };
		5D53A26823D0C69D0007E99E /* Unique Email Addresses.swift in Sources */ = {isa = PBXBuildFile; fileRef = 5D53A26723D0C69D0007E99E /* Unique Email Addresses.swift */; };
		5D53A26A23D0F0E70007E99E /* Fruit Into Baskets.swift in Sources */ = {isa = PBXBuildFile; fileRef = 5D53A26923D0F0E70007E99E /* Fruit Into Baskets.swift */; };
		5D53A26C23D13D4B0007E99E /* Next Permutation.swift in Sources */ = {isa = PBXBuildFile; fileRef = 5D53A26B23D13D4B0007E99E /* Next Permutation.swift */; };
		5D6DB25E23F5B514002CBEE6 /* Longest Substring Without Repeating Characters.swift in Sources */ = {isa = PBXBuildFile; fileRef = 5D6DB25D23F5B514002CBEE6 /* Longest Substring Without Repeating Characters.swift */; };
/* End PBXBuildFile section */

/* Begin PBXCopyFilesBuildPhase section */
		5D53A25B23D0C68B0007E99E /* CopyFiles */ = {
			isa = PBXCopyFilesBuildPhase;
			buildActionMask = 2147483647;
			dstPath = /usr/share/man/man1/;
			dstSubfolderSpec = 0;
			files = (
			);
			runOnlyForDeploymentPostprocessing = 1;
		};
/* End PBXCopyFilesBuildPhase section */

/* Begin PBXFileReference section */
		5D474D8923F6683B00182AF8 /* atoi.swift */ = {isa = PBXFileReference; lastKnownFileType = sourcecode.swift; path = atoi.swift; sourceTree = "<group>"; };
		5D474D8B23F6F5AC00182AF8 /* 3Sum Closest.swift */ = {isa = PBXFileReference; lastKnownFileType = sourcecode.swift; path = "3Sum Closest.swift"; sourceTree = "<group>"; };
		5D474D8D23F9C73D00182AF8 /* 3Sum.swift */ = {isa = PBXFileReference; lastKnownFileType = sourcecode.swift; path = 3Sum.swift; sourceTree = "<group>"; };
		5D474D8F23FA083C00182AF8 /* Move Zeroes.swift */ = {isa = PBXFileReference; lastKnownFileType = sourcecode.swift; path = "Move Zeroes.swift"; sourceTree = "<group>"; };
		5D474D9123FA0C4600182AF8 /* Rotate Array.swift */ = {isa = PBXFileReference; lastKnownFileType = sourcecode.swift; path = "Rotate Array.swift"; sourceTree = "<group>"; };
		5D53A25D23D0C68B0007E99E /* Google Interview */ = {isa = PBXFileReference; explicitFileType = "compiled.mach-o.executable"; includeInIndex = 0; path = "Google Interview"; sourceTree = BUILT_PRODUCTS_DIR; };
		5D53A26023D0C68B0007E99E /* main.swift */ = {isa = PBXFileReference; lastKnownFileType = sourcecode.swift; path = main.swift; sourceTree = "<group>"; };
		5D53A26723D0C69D0007E99E /* Unique Email Addresses.swift */ = {isa = PBXFileReference; lastKnownFileType = sourcecode.swift; path = "Unique Email Addresses.swift"; sourceTree = "<group>"; };
		5D53A26923D0F0E70007E99E /* Fruit Into Baskets.swift */ = {isa = PBXFileReference; lastKnownFileType = sourcecode.swift; path = "Fruit Into Baskets.swift"; sourceTree = "<group>"; };
		5D53A26B23D13D4B0007E99E /* Next Permutation.swift */ = {isa = PBXFileReference; lastKnownFileType = sourcecode.swift; path = "Next Permutation.swift"; sourceTree = "<group>"; };
		5D6DB25D23F5B514002CBEE6 /* Longest Substring Without Repeating Characters.swift */ = {isa = PBXFileReference; lastKnownFileType = sourcecode.swift; path = "Longest Substring Without Repeating Characters.swift"; sourceTree = "<group>"; };
/* End PBXFileReference section */

/* Begin PBXFrameworksBuildPhase section */
		5D53A25A23D0C68B0007E99E /* Frameworks */ = {
			isa = PBXFrameworksBuildPhase;
			buildActionMask = 2147483647;
			files = (
			);
			runOnlyForDeploymentPostprocessing = 0;
		};
/* End PBXFrameworksBuildPhase section */

/* Begin PBXGroup section */
		5D53A25423D0C68B0007E99E = {
			isa = PBXGroup;
			children = (
				5D53A25F23D0C68B0007E99E /* Google Interview */,
				5D53A25E23D0C68B0007E99E /* Products */,
			);
			sourceTree = "<group>";
		};
		5D53A25E23D0C68B0007E99E /* Products */ = {
			isa = PBXGroup;
			children = (
				5D53A25D23D0C68B0007E99E /* Google Interview */,
			);
			name = Products;
			sourceTree = "<group>";
		};
		5D53A25F23D0C68B0007E99E /* Google Interview */ = {
			isa = PBXGroup;
			children = (
				5D53A26023D0C68B0007E99E /* main.swift */,
				5D53A26723D0C69D0007E99E /* Unique Email Addresses.swift */,
				5D53A26923D0F0E70007E99E /* Fruit Into Baskets.swift */,
				5D53A26B23D13D4B0007E99E /* Next Permutation.swift */,
				5D6DB25D23F5B514002CBEE6 /* Longest Substring Without Repeating Characters.swift */,
				5D474D8923F6683B00182AF8 /* atoi.swift */,
				5D474D8B23F6F5AC00182AF8 /* 3Sum Closest.swift */,
				5D474D8D23F9C73D00182AF8 /* 3Sum.swift */,
				5D474D8F23FA083C00182AF8 /* Move Zeroes.swift */,
				5D474D9123FA0C4600182AF8 /* Rotate Array.swift */,
			);
			path = "Google Interview";
			sourceTree = "<group>";
		};
/* End PBXGroup section */

/* Begin PBXNativeTarget section */
		5D53A25C23D0C68B0007E99E /* Google Interview */ = {
			isa = PBXNativeTarget;
			buildConfigurationList = 5D53A26423D0C68B0007E99E /* Build configuration list for PBXNativeTarget "Google Interview" */;
			buildPhases = (
				5D53A25923D0C68B0007E99E /* Sources */,
				5D53A25A23D0C68B0007E99E /* Frameworks */,
				5D53A25B23D0C68B0007E99E /* CopyFiles */,
			);
			buildRules = (
			);
			dependencies = (
			);
			name = "Google Interview";
			productName = "Google Interview";
			productReference = 5D53A25D23D0C68B0007E99E /* Google Interview */;
			productType = "com.apple.product-type.tool";
		};
/* End PBXNativeTarget section */

/* Begin PBXProject section */
		5D53A25523D0C68B0007E99E /* Project object */ = {
			isa = PBXProject;
			attributes = {
				LastSwiftUpdateCheck = 1120;
				LastUpgradeCheck = 1120;
				ORGANIZATIONNAME = idimka;
				TargetAttributes = {
					5D53A25C23D0C68B0007E99E = {
						CreatedOnToolsVersion = 11.2.1;
					};
				};
			};
			buildConfigurationList = 5D53A25823D0C68B0007E99E /* Build configuration list for PBXProject "Google Interview" */;
			compatibilityVersion = "Xcode 9.3";
			developmentRegion = en;
			hasScannedForEncodings = 0;
			knownRegions = (
				en,
				Base,
			);
			mainGroup = 5D53A25423D0C68B0007E99E;
			productRefGroup = 5D53A25E23D0C68B0007E99E /* Products */;
			projectDirPath = "";
			projectRoot = "";
			targets = (
				5D53A25C23D0C68B0007E99E /* Google Interview */,
			);
		};
/* End PBXProject section */

/* Begin PBXSourcesBuildPhase section */
		5D53A25923D0C68B0007E99E /* Sources */ = {
			isa = PBXSourcesBuildPhase;
			buildActionMask = 2147483647;
			files = (
				5D474D8C23F6F5AC00182AF8 /* 3Sum Closest.swift in Sources */,
				5D474D9223FA0C4600182AF8 /* Rotate Array.swift in Sources */,
				5D474D8A23F6683B00182AF8 /* atoi.swift in Sources */,
				5D53A26C23D13D4B0007E99E /* Next Permutation.swift in Sources */,
				5D53A26A23D0F0E70007E99E /* Fruit Into Baskets.swift in Sources */,
				5D53A26823D0C69D0007E99E /* Unique Email Addresses.swift in Sources */,
				5D474D8E23F9C73D00182AF8 /* 3Sum.swift in Sources */,
				5D474D9023FA083C00182AF8 /* Move Zeroes.swift in Sources */,
				5D6DB25E23F5B514002CBEE6 /* Longest Substring Without Repeating Characters.swift in Sources */,
				5D53A26123D0C68B0007E99E /* main.swift in Sources */,
			);
			runOnlyForDeploymentPostprocessing = 0;
		};
/* End PBXSourcesBuildPhase section */

/* Begin XCBuildConfiguration section */
		5D53A26223D0C68B0007E99E /* Debug */ = {
			isa = XCBuildConfiguration;
			buildSettings = {
				ALWAYS_SEARCH_USER_PATHS = NO;
				CLANG_ANALYZER_NONNULL = YES;
				CLANG_ANALYZER_NUMBER_OBJECT_CONVERSION = YES_AGGRESSIVE;
				CLANG_CXX_LANGUAGE_STANDARD = "gnu++14";
				CLANG_CXX_LIBRARY = "libc++";
				CLANG_ENABLE_MODULES = YES;
				CLANG_ENABLE_OBJC_ARC = YES;
				CLANG_ENABLE_OBJC_WEAK = YES;
				CLANG_WARN_BLOCK_CAPTURE_AUTORELEASING = YES;
				CLANG_WARN_BOOL_CONVERSION = YES;
				CLANG_WARN_COMMA = YES;
				CLANG_WARN_CONSTANT_CONVERSION = YES;
				CLANG_WARN_DEPRECATED_OBJC_IMPLEMENTATIONS = YES;
				CLANG_WARN_DIRECT_OBJC_ISA_USAGE = YES_ERROR;
				CLANG_WARN_DOCUMENTATION_COMMENTS = YES;
				CLANG_WARN_EMPTY_BODY = YES;
				CLANG_WARN_ENUM_CONVERSION = YES;
				CLANG_WARN_INFINITE_RECURSION = YES;
				CLANG_WARN_INT_CONVERSION = YES;
				CLANG_WARN_NON_LITERAL_NULL_CONVERSION = YES;
				CLANG_WARN_OBJC_IMPLICIT_RETAIN_SELF = YES;
				CLANG_WARN_OBJC_LITERAL_CONVERSION = YES;
				CLANG_WARN_OBJC_ROOT_CLASS = YES_ERROR;
				CLANG_WARN_RANGE_LOOP_ANALYSIS = YES;
				CLANG_WARN_STRICT_PROTOTYPES = YES;
				CLANG_WARN_SUSPICIOUS_MOVE = YES;
				CLANG_WARN_UNGUARDED_AVAILABILITY = YES_AGGRESSIVE;
				CLANG_WARN_UNREACHABLE_CODE = YES;
				CLANG_WARN__DUPLICATE_METHOD_MATCH = YES;
				COPY_PHASE_STRIP = NO;
				DEBUG_INFORMATION_FORMAT = dwarf;
				ENABLE_STRICT_OBJC_MSGSEND = YES;
				ENABLE_TESTABILITY = YES;
				GCC_C_LANGUAGE_STANDARD = gnu11;
				GCC_DYNAMIC_NO_PIC = NO;
				GCC_NO_COMMON_BLOCKS = YES;
				GCC_OPTIMIZATION_LEVEL = 0;
				GCC_PREPROCESSOR_DEFINITIONS = (
					"DEBUG=1",
					"$(inherited)",
				);
				GCC_WARN_64_TO_32_BIT_CONVERSION = YES;
				GCC_WARN_ABOUT_RETURN_TYPE = YES_ERROR;
				GCC_WARN_UNDECLARED_SELECTOR = YES;
				GCC_WARN_UNINITIALIZED_AUTOS = YES_AGGRESSIVE;
				GCC_WARN_UNUSED_FUNCTION = YES;
				GCC_WARN_UNUSED_VARIABLE = YES;
				MACOSX_DEPLOYMENT_TARGET = 10.15;
				MTL_ENABLE_DEBUG_INFO = INCLUDE_SOURCE;
				MTL_FAST_MATH = YES;
				ONLY_ACTIVE_ARCH = YES;
				SDKROOT = macosx;
				SWIFT_ACTIVE_COMPILATION_CONDITIONS = DEBUG;
				SWIFT_OPTIMIZATION_LEVEL = "-Onone";
			};
			name = Debug;
		};
		5D53A26323D0C68B0007E99E /* Release */ = {
			isa = XCBuildConfiguration;
			buildSettings = {
				ALWAYS_SEARCH_USER_PATHS = NO;
				CLANG_ANALYZER_NONNULL = YES;
				CLANG_ANALYZER_NUMBER_OBJECT_CONVERSION = YES_AGGRESSIVE;
				CLANG_CXX_LANGUAGE_STANDARD = "gnu++14";
				CLANG_CXX_LIBRARY = "libc++";
				CLANG_ENABLE_MODULES = YES;
				CLANG_ENABLE_OBJC_ARC = YES;
				CLANG_ENABLE_OBJC_WEAK = YES;
				CLANG_WARN_BLOCK_CAPTURE_AUTORELEASING = YES;
				CLANG_WARN_BOOL_CONVERSION = YES;
				CLANG_WARN_COMMA = YES;
				CLANG_WARN_CONSTANT_CONVERSION = YES;
				CLANG_WARN_DEPRECATED_OBJC_IMPLEMENTATIONS = YES;
				CLANG_WARN_DIRECT_OBJC_ISA_USAGE = YES_ERROR;
				CLANG_WARN_DOCUMENTATION_COMMENTS = YES;
				CLANG_WARN_EMPTY_BODY = YES;
				CLANG_WARN_ENUM_CONVERSION = YES;
				CLANG_WARN_INFINITE_RECURSION = YES;
				CLANG_WARN_INT_CONVERSION = YES;
				CLANG_WARN_NON_LITERAL_NULL_CONVERSION = YES;
				CLANG_WARN_OBJC_IMPLICIT_RETAIN_SELF = YES;
				CLANG_WARN_OBJC_LITERAL_CONVERSION = YES;
				CLANG_WARN_OBJC_ROOT_CLASS = YES_ERROR;
				CLANG_WARN_RANGE_LOOP_ANALYSIS = YES;
				CLANG_WARN_STRICT_PROTOTYPES = YES;
				CLANG_WARN_SUSPICIOUS_MOVE = YES;
				CLANG_WARN_UNGUARDED_AVAILABILITY = YES_AGGRESSIVE;
				CLANG_WARN_UNREACHABLE_CODE = YES;
				CLANG_WARN__DUPLICATE_METHOD_MATCH = YES;
				COPY_PHASE_STRIP = NO;
				DEBUG_INFORMATION_FORMAT = "dwarf-with-dsym";
				ENABLE_NS_ASSERTIONS = NO;
				ENABLE_STRICT_OBJC_MSGSEND = YES;
				GCC_C_LANGUAGE_STANDARD = gnu11;
				GCC_NO_COMMON_BLOCKS = YES;
				GCC_WARN_64_TO_32_BIT_CONVERSION = YES;
				GCC_WARN_ABOUT_RETURN_TYPE = YES_ERROR;
				GCC_WARN_UNDECLARED_SELECTOR = YES;
				GCC_WARN_UNINITIALIZED_AUTOS = YES_AGGRESSIVE;
				GCC_WARN_UNUSED_FUNCTION = YES;
				GCC_WARN_UNUSED_VARIABLE = YES;
				MACOSX_DEPLOYMENT_TARGET = 10.15;
				MTL_ENABLE_DEBUG_INFO = NO;
				MTL_FAST_MATH = YES;
				SDKROOT = macosx;
				SWIFT_COMPILATION_MODE = wholemodule;
				SWIFT_OPTIMIZATION_LEVEL = "-O";
			};
			name = Release;
		};
		5D53A26523D0C68B0007E99E /* Debug */ = {
			isa = XCBuildConfiguration;
			buildSettings = {
				CODE_SIGN_STYLE = Automatic;
				DEVELOPMENT_TEAM = 76G3A677RZ;
				ENABLE_HARDENED_RUNTIME = YES;
				PRODUCT_NAME = "$(TARGET_NAME)";
				SWIFT_VERSION = 5.0;
			};
			name = Debug;
		};
		5D53A26623D0C68B0007E99E /* Release */ = {
			isa = XCBuildConfiguration;
			buildSettings = {
				CODE_SIGN_STYLE = Automatic;
				DEVELOPMENT_TEAM = 76G3A677RZ;
				ENABLE_HARDENED_RUNTIME = YES;
				PRODUCT_NAME = "$(TARGET_NAME)";
				SWIFT_VERSION = 5.0;
			};
			name = Release;
		};
/* End XCBuildConfiguration section */

/* Begin XCConfigurationList section */
		5D53A25823D0C68B0007E99E /* Build configuration list for PBXProject "Google Interview" */ = {
			isa = XCConfigurationList;
			buildConfigurations = (
				5D53A26223D0C68B0007E99E /* Debug */,
				5D53A26323D0C68B0007E99E /* Release */,
			);
			defaultConfigurationIsVisible = 0;
			defaultConfigurationName = Release;
		};
		5D53A26423D0C68B0007E99E /* Build configuration list for PBXNativeTarget "Google Interview" */ = {
			isa = XCConfigurationList;
			buildConfigurations = (
				5D53A26523D0C68B0007E99E /* Debug */,
				5D53A26623D0C68B0007E99E /* Release */,
			);
			defaultConfigurationIsVisible = 0;
			defaultConfigurationName = Release;
		};
/* End XCConfigurationList section */
	};
	rootObject = 5D53A25523D0C68B0007E99E /* Project object */;
}
