// !$*UTF8*$!
{
	archiveVersion = 1;
	classes = {
	};
	objectVersion = 50;
	objects = {

/* Begin PBXBuildFile section */
		5D39DDBE24627FB3005E550E /* Pancake Sorting.swift in Sources */ = {isa = PBXBuildFile; fileRef = 5D39DDBD24627FB3005E550E /* Pancake Sorting.swift */; };
		5D39DDBF246512CA005E550E /* BST.swift in Sources */ = {isa = PBXBuildFile; fileRef = 5D5245E024077FCD001CE63C /* BST.swift */; };
		5D39DDC12465251F005E550E /* Binary Tree Vertical Order Traversal.swift in Sources */ = {isa = PBXBuildFile; fileRef = 5D39DDC02465251F005E550E /* Binary Tree Vertical Order Traversal.swift */; };
		5D474D8A23F6683B00182AF8 /* atoi.swift in Sources */ = {isa = PBXBuildFile; fileRef = 5D474D8923F6683B00182AF8 /* atoi.swift */; };
		5D474D8C23F6F5AC00182AF8 /* 3Sum Closest.swift in Sources */ = {isa = PBXBuildFile; fileRef = 5D474D8B23F6F5AC00182AF8 /* 3Sum Closest.swift */; };
		5D474D8E23F9C73D00182AF8 /* 3Sum.swift in Sources */ = {isa = PBXBuildFile; fileRef = 5D474D8D23F9C73D00182AF8 /* 3Sum.swift */; };
		5D474D9023FA083C00182AF8 /* Move Zeroes.swift in Sources */ = {isa = PBXBuildFile; fileRef = 5D474D8F23FA083C00182AF8 /* Move Zeroes.swift */; };
		5D474D9223FA0C4600182AF8 /* Rotate Array.swift in Sources */ = {isa = PBXBuildFile; fileRef = 5D474D9123FA0C4600182AF8 /* Rotate Array.swift */; };
		5D474D9423FA289400182AF8 /* Rotate Image.swift in Sources */ = {isa = PBXBuildFile; fileRef = 5D474D9323FA289400182AF8 /* Rotate Image.swift */; };
		5D5245D123FE5CDB001CE63C /* Intersection of Two Arrays II.swift in Sources */ = {isa = PBXBuildFile; fileRef = 5D5245D023FE5CDB001CE63C /* Intersection of Two Arrays II.swift */; };
		5D5245D323FE5F5E001CE63C /* Remove Duplicates from Sorted Array.swift in Sources */ = {isa = PBXBuildFile; fileRef = 5D5245D223FE5F5E001CE63C /* Remove Duplicates from Sorted Array.swift */; };
		5D5245D523FE6304001CE63C /* Best Time to Buy and Sell Stock II.swift in Sources */ = {isa = PBXBuildFile; fileRef = 5D5245D423FE6304001CE63C /* Best Time to Buy and Sell Stock II.swift */; };
		5D5245D723FE6A9D001CE63C /* Plus One.swift in Sources */ = {isa = PBXBuildFile; fileRef = 5D5245D623FE6A9D001CE63C /* Plus One.swift */; };
		5D5245D923FF9A5A001CE63C /* Reverse Integer.swift in Sources */ = {isa = PBXBuildFile; fileRef = 5D5245D823FF9A5A001CE63C /* Reverse Integer.swift */; };
		5D5245DB24035A77001CE63C /* SortStack.swift in Sources */ = {isa = PBXBuildFile; fileRef = 5D5245DA24035A76001CE63C /* SortStack.swift */; };
		5D5245DD240368F6001CE63C /* Add Two Numbers.swift in Sources */ = {isa = PBXBuildFile; fileRef = 5D5245DC240368F6001CE63C /* Add Two Numbers.swift */; };
		5D5245DF240779E2001CE63C /* Diameter of Binary Tree.swift in Sources */ = {isa = PBXBuildFile; fileRef = 5D5245DE240779E2001CE63C /* Diameter of Binary Tree.swift */; };
		5D5245EB24077FCE001CE63C /* BFS.swift in Sources */ = {isa = PBXBuildFile; fileRef = 5D5245E124077FCD001CE63C /* BFS.swift */; };
		5D5245EC24077FCE001CE63C /* Pascal's Triangle.swift in Sources */ = {isa = PBXBuildFile; fileRef = 5D5245E224077FCD001CE63C /* Pascal's Triangle.swift */; };
		5D5245ED24077FCE001CE63C /* MaximumDepthOfBinaryTree .swift in Sources */ = {isa = PBXBuildFile; fileRef = 5D5245E324077FCD001CE63C /* MaximumDepthOfBinaryTree .swift */; };
		5D5245EE24077FCE001CE63C /* Merge Two Sorted Lists.swift in Sources */ = {isa = PBXBuildFile; fileRef = 5D5245E424077FCD001CE63C /* Merge Two Sorted Lists.swift */; };
		5D5245EF24077FCE001CE63C /* K-th Symbol in Grammar .swift in Sources */ = {isa = PBXBuildFile; fileRef = 5D5245E524077FCE001CE63C /* K-th Symbol in Grammar .swift */; };
		5D5245F024077FCE001CE63C /* Pow(x, n).swift in Sources */ = {isa = PBXBuildFile; fileRef = 5D5245E624077FCE001CE63C /* Pow(x, n).swift */; };
		5D5245F124077FCE001CE63C /* ReversedLinkedList.swift in Sources */ = {isa = PBXBuildFile; fileRef = 5D5245E724077FCE001CE63C /* ReversedLinkedList.swift */; };
		5D5245F224077FCE001CE63C /* Fibonacci.swift in Sources */ = {isa = PBXBuildFile; fileRef = 5D5245E824077FCE001CE63C /* Fibonacci.swift */; };
		5D5245F324077FCE001CE63C /* No17.letter-combinations-of-a-phone-number.swift in Sources */ = {isa = PBXBuildFile; fileRef = 5D5245E924077FCE001CE63C /* No17.letter-combinations-of-a-phone-number.swift */; };
		5D5245F5240AD0C7001CE63C /* Search in Rotated Sorted Array.swift in Sources */ = {isa = PBXBuildFile; fileRef = 5D5245F4240AD0C5001CE63C /* Search in Rotated Sorted Array.swift */; };
		5D53981024247D510040B208 /* Letter Combinations of a Phone Number.swift in Sources */ = {isa = PBXBuildFile; fileRef = 5D53980F24247D510040B208 /* Letter Combinations of a Phone Number.swift */; };
		5D53A26123D0C68B0007E99E /* main.swift in Sources */ = {isa = PBXBuildFile; fileRef = 5D53A26023D0C68B0007E99E /* main.swift */; };
		5D53A26823D0C69D0007E99E /* Unique Email Addresses.swift in Sources */ = {isa = PBXBuildFile; fileRef = 5D53A26723D0C69D0007E99E /* Unique Email Addresses.swift */; };
		5D53A26A23D0F0E70007E99E /* Fruit Into Baskets.swift in Sources */ = {isa = PBXBuildFile; fileRef = 5D53A26923D0F0E70007E99E /* Fruit Into Baskets.swift */; };
		5D53A26C23D13D4B0007E99E /* Next Permutation.swift in Sources */ = {isa = PBXBuildFile; fileRef = 5D53A26B23D13D4B0007E99E /* Next Permutation.swift */; };
		5D5D353224799173000BC8D8 /* Longest Palindromic Substring.swift in Sources */ = {isa = PBXBuildFile; fileRef = 5D5D353124799173000BC8D8 /* Longest Palindromic Substring.swift */; };
		5D5D3534247AFFDC000BC8D8 /* Add Binary.swift in Sources */ = {isa = PBXBuildFile; fileRef = 5D5D3533247AFFDC000BC8D8 /* Add Binary.swift */; };
		5D681090241742890015E053 /* SearchSubstring.swift in Sources */ = {isa = PBXBuildFile; fileRef = 5D68108F241742890015E053 /* SearchSubstring.swift */; };
		5D6810922418B0A80015E053 /* Merge Intervals.swift in Sources */ = {isa = PBXBuildFile; fileRef = 5D6810912418B0A80015E053 /* Merge Intervals.swift */; };
		5D681094241A0ECD0015E053 /* Sort Colors.swift in Sources */ = {isa = PBXBuildFile; fileRef = 5D681093241A0ECD0015E053 /* Sort Colors.swift */; };
		5D681096241EDC3A0015E053 /* Best Time to Buy and Sell Stock.swift in Sources */ = {isa = PBXBuildFile; fileRef = 5D681095241EDC380015E053 /* Best Time to Buy and Sell Stock.swift */; };
		5D681098241F1A900015E053 /* Maximum Subarray.swift in Sources */ = {isa = PBXBuildFile; fileRef = 5D681097241F1A900015E053 /* Maximum Subarray.swift */; };
		5D6DB25E23F5B514002CBEE6 /* Longest Substring Without Repeating Characters.swift in Sources */ = {isa = PBXBuildFile; fileRef = 5D6DB25D23F5B514002CBEE6 /* Longest Substring Without Repeating Characters.swift */; };
		5D8CC1D224283ED40030FBFF /* Search a 2D Matrix II.swift in Sources */ = {isa = PBXBuildFile; fileRef = 5D8CC1D124283ED40030FBFF /* Search a 2D Matrix II.swift */; };
		5D8CC1D5242B05970030FBFF /* ValidateBST.swift in Sources */ = {isa = PBXBuildFile; fileRef = 5D8CC1D3242B05970030FBFF /* ValidateBST.swift */; };
		5D8CC1D6242B05970030FBFF /* QuickSort.swift in Sources */ = {isa = PBXBuildFile; fileRef = 5D8CC1D4242B05970030FBFF /* QuickSort.swift */; };
		5D8CC1D8242DCAFC0030FBFF /* N Queens II.swift in Sources */ = {isa = PBXBuildFile; fileRef = 5D8CC1D7242DCAFC0030FBFF /* N Queens II.swift */; };
		5D8CC1DA24313ED30030FBFF /* Robot Room Cleaner.swift in Sources */ = {isa = PBXBuildFile; fileRef = 5D8CC1D924313ED30030FBFF /* Robot Room Cleaner.swift */; };
		5D8CC1DC243440DD0030FBFF /* Sudoku Solver.swift in Sources */ = {isa = PBXBuildFile; fileRef = 5D8CC1DB243440DD0030FBFF /* Sudoku Solver.swift */; };
		5D9F86B0245A9366002DE56C /* Flatten Binary Tree to Linked List.swift in Sources */ = {isa = PBXBuildFile; fileRef = 5D9F86AF245A9366002DE56C /* Flatten Binary Tree to Linked List.swift */; };
		5D9F86B2245CEB86002DE56C /* 787. Cheapest Flights Within K Stops.swift in Sources */ = {isa = PBXBuildFile; fileRef = 5D9F86B1245CEB86002DE56C /* 787. Cheapest Flights Within K Stops.swift */; };
		5D9F86B4245D350C002DE56C /* Binary Tree Maximum Path Sum.swift in Sources */ = {isa = PBXBuildFile; fileRef = 5D9F86B3245D350C002DE56C /* Binary Tree Maximum Path Sum.swift */; };
		5DB810BD24395A6F00B9BE57 /* Same Tree.swift in Sources */ = {isa = PBXBuildFile; fileRef = 5DB810BC24395A6F00B9BE57 /* Same Tree.swift */; };
		5DB810BF2439A89D00B9BE57 /* Binary Tree Inorder Traversal.swift in Sources */ = {isa = PBXBuildFile; fileRef = 5DB810BE2439A89D00B9BE57 /* Binary Tree Inorder Traversal.swift */; };
		5DB810C1243A575700B9BE57 /* Binary Tree Level Order Traversal.swift in Sources */ = {isa = PBXBuildFile; fileRef = 5DB810C0243A575700B9BE57 /* Binary Tree Level Order Traversal.swift */; };
		5DB810C3243AC2FB00B9BE57 /* Largest Rectangle in Histogram.swift in Sources */ = {isa = PBXBuildFile; fileRef = 5DB810C2243AC2FB00B9BE57 /* Largest Rectangle in Histogram.swift */; };
		5DB810C52443BDE000B9BE57 /* Reoder List.swift in Sources */ = {isa = PBXBuildFile; fileRef = 5DB810C42443BDE000B9BE57 /* Reoder List.swift */; };
		5DB810C72443E8FC00B9BE57 /* Copy List with Random Pointer.swift in Sources */ = {isa = PBXBuildFile; fileRef = 5DB810C62443E8FC00B9BE57 /* Copy List with Random Pointer.swift */; };
		5DB810C924456B5300B9BE57 /* Validate Binary Search Tree.swift in Sources */ = {isa = PBXBuildFile; fileRef = 5DB810C824456B5300B9BE57 /* Validate Binary Search Tree.swift */; };
		5DB810CB244574E900B9BE57 /* TreeNode.swift in Sources */ = {isa = PBXBuildFile; fileRef = 5DB810CA244574E900B9BE57 /* TreeNode.swift */; };
		5DC7FCF9246743A600C46765 /* Permutations.swift in Sources */ = {isa = PBXBuildFile; fileRef = 5DC7FCF8246743A600C46765 /* Permutations.swift */; };
		5DC7FCFB246896CA00C46765 /* Regular Expression Matching.swift in Sources */ = {isa = PBXBuildFile; fileRef = 5DC7FCFA246896C900C46765 /* Regular Expression Matching.swift */; };
		5DC7FCFD246D188100C46765 /* Multiply Strings.swift in Sources */ = {isa = PBXBuildFile; fileRef = 5DC7FCFC246D188100C46765 /* Multiply Strings.swift */; };
		5DC7FCFF246E5D1200C46765 /* Roman to Integer.swift in Sources */ = {isa = PBXBuildFile; fileRef = 5DC7FCFE246E5D1200C46765 /* Roman to Integer.swift */; };
		5DC7FD01246E632C00C46765 /* Product of Array Except Self.swift in Sources */ = {isa = PBXBuildFile; fileRef = 5DC7FD00246E632C00C46765 /* Product of Array Except Self.swift */; };
		5DED75982455451E008B4B27 /* Max Consecutive Ones.swift in Sources */ = {isa = PBXBuildFile; fileRef = 5DED75972455451E008B4B27 /* Max Consecutive Ones.swift */; };
		5DF39023247E2C2400336CB4 /* Arithmetic Slices 413.swift in Sources */ = {isa = PBXBuildFile; fileRef = 5DF39022247E2C2400336CB4 /* Arithmetic Slices 413.swift */; };
/* End PBXBuildFile section */

/* Begin PBXCopyFilesBuildPhase section */
		5D53A25B23D0C68B0007E99E /* CopyFiles */ = {
			isa = PBXCopyFilesBuildPhase;
			buildActionMask = 2147483647;
			dstPath = /usr/share/man/man1/;
			dstSubfolderSpec = 0;
			files = (
			);
			runOnlyForDeploymentPostprocessing = 1;
		};
/* End PBXCopyFilesBuildPhase section */

/* Begin PBXFileReference section */
		5D39DDBD24627FB3005E550E /* Pancake Sorting.swift */ = {isa = PBXFileReference; lastKnownFileType = sourcecode.swift; path = "Pancake Sorting.swift"; sourceTree = "<group>"; };
		5D39DDC02465251F005E550E /* Binary Tree Vertical Order Traversal.swift */ = {isa = PBXFileReference; lastKnownFileType = sourcecode.swift; path = "Binary Tree Vertical Order Traversal.swift"; sourceTree = "<group>"; };
		5D474D8923F6683B00182AF8 /* atoi.swift */ = {isa = PBXFileReference; lastKnownFileType = sourcecode.swift; path = atoi.swift; sourceTree = "<group>"; };
		5D474D8B23F6F5AC00182AF8 /* 3Sum Closest.swift */ = {isa = PBXFileReference; lastKnownFileType = sourcecode.swift; path = "3Sum Closest.swift"; sourceTree = "<group>"; };
		5D474D8D23F9C73D00182AF8 /* 3Sum.swift */ = {isa = PBXFileReference; lastKnownFileType = sourcecode.swift; path = 3Sum.swift; sourceTree = "<group>"; };
		5D474D8F23FA083C00182AF8 /* Move Zeroes.swift */ = {isa = PBXFileReference; lastKnownFileType = sourcecode.swift; path = "Move Zeroes.swift"; sourceTree = "<group>"; };
		5D474D9123FA0C4600182AF8 /* Rotate Array.swift */ = {isa = PBXFileReference; lastKnownFileType = sourcecode.swift; path = "Rotate Array.swift"; sourceTree = "<group>"; };
		5D474D9323FA289400182AF8 /* Rotate Image.swift */ = {isa = PBXFileReference; lastKnownFileType = sourcecode.swift; path = "Rotate Image.swift"; sourceTree = "<group>"; };
		5D5245D023FE5CDB001CE63C /* Intersection of Two Arrays II.swift */ = {isa = PBXFileReference; lastKnownFileType = sourcecode.swift; path = "Intersection of Two Arrays II.swift"; sourceTree = "<group>"; };
		5D5245D223FE5F5E001CE63C /* Remove Duplicates from Sorted Array.swift */ = {isa = PBXFileReference; lastKnownFileType = sourcecode.swift; path = "Remove Duplicates from Sorted Array.swift"; sourceTree = "<group>"; };
		5D5245D423FE6304001CE63C /* Best Time to Buy and Sell Stock II.swift */ = {isa = PBXFileReference; lastKnownFileType = sourcecode.swift; path = "Best Time to Buy and Sell Stock II.swift"; sourceTree = "<group>"; };
		5D5245D623FE6A9D001CE63C /* Plus One.swift */ = {isa = PBXFileReference; lastKnownFileType = sourcecode.swift; path = "Plus One.swift"; sourceTree = "<group>"; };
		5D5245D823FF9A5A001CE63C /* Reverse Integer.swift */ = {isa = PBXFileReference; lastKnownFileType = sourcecode.swift; path = "Reverse Integer.swift"; sourceTree = "<group>"; };
		5D5245DA24035A76001CE63C /* SortStack.swift */ = {isa = PBXFileReference; lastKnownFileType = sourcecode.swift; path = SortStack.swift; sourceTree = "<group>"; };
		5D5245DC240368F6001CE63C /* Add Two Numbers.swift */ = {isa = PBXFileReference; lastKnownFileType = sourcecode.swift; path = "Add Two Numbers.swift"; sourceTree = "<group>"; };
		5D5245DE240779E2001CE63C /* Diameter of Binary Tree.swift */ = {isa = PBXFileReference; lastKnownFileType = sourcecode.swift; path = "Diameter of Binary Tree.swift"; sourceTree = "<group>"; };
		5D5245E024077FCD001CE63C /* BST.swift */ = {isa = PBXFileReference; fileEncoding = 4; lastKnownFileType = sourcecode.swift; path = BST.swift; sourceTree = "<group>"; };
		5D5245E124077FCD001CE63C /* BFS.swift */ = {isa = PBXFileReference; fileEncoding = 4; lastKnownFileType = sourcecode.swift; path = BFS.swift; sourceTree = "<group>"; };
		5D5245E224077FCD001CE63C /* Pascal's Triangle.swift */ = {isa = PBXFileReference; fileEncoding = 4; lastKnownFileType = sourcecode.swift; path = "Pascal's Triangle.swift"; sourceTree = "<group>"; };
		5D5245E324077FCD001CE63C /* MaximumDepthOfBinaryTree .swift */ = {isa = PBXFileReference; fileEncoding = 4; lastKnownFileType = sourcecode.swift; path = "MaximumDepthOfBinaryTree .swift"; sourceTree = "<group>"; };
		5D5245E424077FCD001CE63C /* Merge Two Sorted Lists.swift */ = {isa = PBXFileReference; fileEncoding = 4; lastKnownFileType = sourcecode.swift; path = "Merge Two Sorted Lists.swift"; sourceTree = "<group>"; };
		5D5245E524077FCE001CE63C /* K-th Symbol in Grammar .swift */ = {isa = PBXFileReference; fileEncoding = 4; lastKnownFileType = sourcecode.swift; path = "K-th Symbol in Grammar .swift"; sourceTree = "<group>"; };
		5D5245E624077FCE001CE63C /* Pow(x, n).swift */ = {isa = PBXFileReference; fileEncoding = 4; lastKnownFileType = sourcecode.swift; path = "Pow(x, n).swift"; sourceTree = "<group>"; };
		5D5245E724077FCE001CE63C /* ReversedLinkedList.swift */ = {isa = PBXFileReference; fileEncoding = 4; lastKnownFileType = sourcecode.swift; path = ReversedLinkedList.swift; sourceTree = "<group>"; };
		5D5245E824077FCE001CE63C /* Fibonacci.swift */ = {isa = PBXFileReference; fileEncoding = 4; lastKnownFileType = sourcecode.swift; path = Fibonacci.swift; sourceTree = "<group>"; };
		5D5245E924077FCE001CE63C /* No17.letter-combinations-of-a-phone-number.swift */ = {isa = PBXFileReference; fileEncoding = 4; lastKnownFileType = sourcecode.swift; path = "No17.letter-combinations-of-a-phone-number.swift"; sourceTree = "<group>"; };
		5D5245F4240AD0C5001CE63C /* Search in Rotated Sorted Array.swift */ = {isa = PBXFileReference; lastKnownFileType = sourcecode.swift; path = "Search in Rotated Sorted Array.swift"; sourceTree = "<group>"; };
		5D53980F24247D510040B208 /* Letter Combinations of a Phone Number.swift */ = {isa = PBXFileReference; lastKnownFileType = sourcecode.swift; path = "Letter Combinations of a Phone Number.swift"; sourceTree = "<group>"; };
		5D53A25D23D0C68B0007E99E /* Google Interview */ = {isa = PBXFileReference; explicitFileType = "compiled.mach-o.executable"; includeInIndex = 0; path = "Google Interview"; sourceTree = BUILT_PRODUCTS_DIR; };
		5D53A26023D0C68B0007E99E /* main.swift */ = {isa = PBXFileReference; lastKnownFileType = sourcecode.swift; path = main.swift; sourceTree = "<group>"; };
		5D53A26723D0C69D0007E99E /* Unique Email Addresses.swift */ = {isa = PBXFileReference; lastKnownFileType = sourcecode.swift; path = "Unique Email Addresses.swift"; sourceTree = "<group>"; };
		5D53A26923D0F0E70007E99E /* Fruit Into Baskets.swift */ = {isa = PBXFileReference; lastKnownFileType = sourcecode.swift; path = "Fruit Into Baskets.swift"; sourceTree = "<group>"; };
		5D53A26B23D13D4B0007E99E /* Next Permutation.swift */ = {isa = PBXFileReference; lastKnownFileType = sourcecode.swift; path = "Next Permutation.swift"; sourceTree = "<group>"; };
		5D5D353124799173000BC8D8 /* Longest Palindromic Substring.swift */ = {isa = PBXFileReference; lastKnownFileType = sourcecode.swift; path = "Longest Palindromic Substring.swift"; sourceTree = "<group>"; };
		5D5D3533247AFFDC000BC8D8 /* Add Binary.swift */ = {isa = PBXFileReference; lastKnownFileType = sourcecode.swift; path = "Add Binary.swift"; sourceTree = "<group>"; };
		5D68108F241742890015E053 /* SearchSubstring.swift */ = {isa = PBXFileReference; lastKnownFileType = sourcecode.swift; path = SearchSubstring.swift; sourceTree = "<group>"; };
		5D6810912418B0A80015E053 /* Merge Intervals.swift */ = {isa = PBXFileReference; lastKnownFileType = sourcecode.swift; path = "Merge Intervals.swift"; sourceTree = "<group>"; };
		5D681093241A0ECD0015E053 /* Sort Colors.swift */ = {isa = PBXFileReference; lastKnownFileType = sourcecode.swift; path = "Sort Colors.swift"; sourceTree = "<group>"; };
		5D681095241EDC380015E053 /* Best Time to Buy and Sell Stock.swift */ = {isa = PBXFileReference; lastKnownFileType = sourcecode.swift; path = "Best Time to Buy and Sell Stock.swift"; sourceTree = "<group>"; };
		5D681097241F1A900015E053 /* Maximum Subarray.swift */ = {isa = PBXFileReference; lastKnownFileType = sourcecode.swift; path = "Maximum Subarray.swift"; sourceTree = "<group>"; };
		5D6DB25D23F5B514002CBEE6 /* Longest Substring Without Repeating Characters.swift */ = {isa = PBXFileReference; lastKnownFileType = sourcecode.swift; path = "Longest Substring Without Repeating Characters.swift"; sourceTree = "<group>"; };
		5D8CC1D124283ED40030FBFF /* Search a 2D Matrix II.swift */ = {isa = PBXFileReference; lastKnownFileType = sourcecode.swift; path = "Search a 2D Matrix II.swift"; sourceTree = "<group>"; };
		5D8CC1D3242B05970030FBFF /* ValidateBST.swift */ = {isa = PBXFileReference; fileEncoding = 4; lastKnownFileType = sourcecode.swift; path = ValidateBST.swift; sourceTree = "<group>"; };
		5D8CC1D4242B05970030FBFF /* QuickSort.swift */ = {isa = PBXFileReference; fileEncoding = 4; lastKnownFileType = sourcecode.swift; path = QuickSort.swift; sourceTree = "<group>"; };
		5D8CC1D7242DCAFC0030FBFF /* N Queens II.swift */ = {isa = PBXFileReference; lastKnownFileType = sourcecode.swift; path = "N Queens II.swift"; sourceTree = "<group>"; };
		5D8CC1D924313ED30030FBFF /* Robot Room Cleaner.swift */ = {isa = PBXFileReference; lastKnownFileType = sourcecode.swift; path = "Robot Room Cleaner.swift"; sourceTree = "<group>"; };
		5D8CC1DB243440DD0030FBFF /* Sudoku Solver.swift */ = {isa = PBXFileReference; lastKnownFileType = sourcecode.swift; path = "Sudoku Solver.swift"; sourceTree = "<group>"; };
		5D9F86AF245A9366002DE56C /* Flatten Binary Tree to Linked List.swift */ = {isa = PBXFileReference; lastKnownFileType = sourcecode.swift; path = "Flatten Binary Tree to Linked List.swift"; sourceTree = "<group>"; };
		5D9F86B1245CEB86002DE56C /* 787. Cheapest Flights Within K Stops.swift */ = {isa = PBXFileReference; lastKnownFileType = sourcecode.swift; path = "787. Cheapest Flights Within K Stops.swift"; sourceTree = "<group>"; };
		5D9F86B3245D350C002DE56C /* Binary Tree Maximum Path Sum.swift */ = {isa = PBXFileReference; lastKnownFileType = sourcecode.swift; path = "Binary Tree Maximum Path Sum.swift"; sourceTree = "<group>"; };
		5DB810BC24395A6F00B9BE57 /* Same Tree.swift */ = {isa = PBXFileReference; lastKnownFileType = sourcecode.swift; path = "Same Tree.swift"; sourceTree = "<group>"; };
		5DB810BE2439A89D00B9BE57 /* Binary Tree Inorder Traversal.swift */ = {isa = PBXFileReference; lastKnownFileType = sourcecode.swift; path = "Binary Tree Inorder Traversal.swift"; sourceTree = "<group>"; };
		5DB810C0243A575700B9BE57 /* Binary Tree Level Order Traversal.swift */ = {isa = PBXFileReference; lastKnownFileType = sourcecode.swift; path = "Binary Tree Level Order Traversal.swift"; sourceTree = "<group>"; };
		5DB810C2243AC2FB00B9BE57 /* Largest Rectangle in Histogram.swift */ = {isa = PBXFileReference; lastKnownFileType = sourcecode.swift; path = "Largest Rectangle in Histogram.swift"; sourceTree = "<group>"; };
		5DB810C42443BDE000B9BE57 /* Reoder List.swift */ = {isa = PBXFileReference; lastKnownFileType = sourcecode.swift; path = "Reoder List.swift"; sourceTree = "<group>"; };
		5DB810C62443E8FC00B9BE57 /* Copy List with Random Pointer.swift */ = {isa = PBXFileReference; lastKnownFileType = sourcecode.swift; path = "Copy List with Random Pointer.swift"; sourceTree = "<group>"; };
		5DB810C824456B5300B9BE57 /* Validate Binary Search Tree.swift */ = {isa = PBXFileReference; lastKnownFileType = sourcecode.swift; path = "Validate Binary Search Tree.swift"; sourceTree = "<group>"; };
		5DB810CA244574E900B9BE57 /* TreeNode.swift */ = {isa = PBXFileReference; lastKnownFileType = sourcecode.swift; path = TreeNode.swift; sourceTree = "<group>"; };
		5DC7FCF8246743A600C46765 /* Permutations.swift */ = {isa = PBXFileReference; lastKnownFileType = sourcecode.swift; path = Permutations.swift; sourceTree = "<group>"; };
		5DC7FCFA246896C900C46765 /* Regular Expression Matching.swift */ = {isa = PBXFileReference; lastKnownFileType = sourcecode.swift; path = "Regular Expression Matching.swift"; sourceTree = "<group>"; };
		5DC7FCFC246D188100C46765 /* Multiply Strings.swift */ = {isa = PBXFileReference; lastKnownFileType = sourcecode.swift; path = "Multiply Strings.swift"; sourceTree = "<group>"; };
		5DC7FCFE246E5D1200C46765 /* Roman to Integer.swift */ = {isa = PBXFileReference; lastKnownFileType = sourcecode.swift; path = "Roman to Integer.swift"; sourceTree = "<group>"; };
		5DC7FD00246E632C00C46765 /* Product of Array Except Self.swift */ = {isa = PBXFileReference; lastKnownFileType = sourcecode.swift; path = "Product of Array Except Self.swift"; sourceTree = "<group>"; };
		5DED75972455451E008B4B27 /* Max Consecutive Ones.swift */ = {isa = PBXFileReference; lastKnownFileType = sourcecode.swift; path = "Max Consecutive Ones.swift"; sourceTree = "<group>"; };
		5DF39022247E2C2400336CB4 /* Arithmetic Slices 413.swift */ = {isa = PBXFileReference; lastKnownFileType = sourcecode.swift; path = "Arithmetic Slices 413.swift"; sourceTree = "<group>"; };
/* End PBXFileReference section */

/* Begin PBXFrameworksBuildPhase section */
		5D53A25A23D0C68B0007E99E /* Frameworks */ = {
			isa = PBXFrameworksBuildPhase;
			buildActionMask = 2147483647;
			files = (
			);
			runOnlyForDeploymentPostprocessing = 0;
		};
/* End PBXFrameworksBuildPhase section */

/* Begin PBXGroup section */
		5D53A25423D0C68B0007E99E = {
			isa = PBXGroup;
			children = (
				5D53A25F23D0C68B0007E99E /* Google Interview */,
				5D53A25E23D0C68B0007E99E /* Products */,
			);
			sourceTree = "<group>";
		};
		5D53A25E23D0C68B0007E99E /* Products */ = {
			isa = PBXGroup;
			children = (
				5D53A25D23D0C68B0007E99E /* Google Interview */,
			);
			name = Products;
			sourceTree = "<group>";
		};
		5D53A25F23D0C68B0007E99E /* Google Interview */ = {
			isa = PBXGroup;
			children = (
				5D53A26023D0C68B0007E99E /* main.swift */,
				5D5D3533247AFFDC000BC8D8 /* Add Binary.swift */,
				5DF39022247E2C2400336CB4 /* Arithmetic Slices 413.swift */,
				5DC7FCFC246D188100C46765 /* Multiply Strings.swift */,
				5DC7FCFA246896C900C46765 /* Regular Expression Matching.swift */,
				5DC7FCF8246743A600C46765 /* Permutations.swift */,
				5DB810CA244574E900B9BE57 /* TreeNode.swift */,
				5DB810C62443E8FC00B9BE57 /* Copy List with Random Pointer.swift */,
				5DB810C42443BDE000B9BE57 /* Reoder List.swift */,
				5D8CC1D924313ED30030FBFF /* Robot Room Cleaner.swift */,
				5D8CC1D4242B05970030FBFF /* QuickSort.swift */,
				5D8CC1D7242DCAFC0030FBFF /* N Queens II.swift */,
				5D8CC1D3242B05970030FBFF /* ValidateBST.swift */,
				5D8CC1D124283ED40030FBFF /* Search a 2D Matrix II.swift */,
				5D681097241F1A900015E053 /* Maximum Subarray.swift */,
				5D681095241EDC380015E053 /* Best Time to Buy and Sell Stock.swift */,
				5D681093241A0ECD0015E053 /* Sort Colors.swift */,
				5D474D8923F6683B00182AF8 /* atoi.swift */,
				5D5245D023FE5CDB001CE63C /* Intersection of Two Arrays II.swift */,
				5D5245D223FE5F5E001CE63C /* Remove Duplicates from Sorted Array.swift */,
				5D5245D423FE6304001CE63C /* Best Time to Buy and Sell Stock II.swift */,
				5D5245D623FE6A9D001CE63C /* Plus One.swift */,
				5D5245D823FF9A5A001CE63C /* Reverse Integer.swift */,
				5D53A26723D0C69D0007E99E /* Unique Email Addresses.swift */,
				5D53A26923D0F0E70007E99E /* Fruit Into Baskets.swift */,
				5D53A26B23D13D4B0007E99E /* Next Permutation.swift */,
				5D6DB25D23F5B514002CBEE6 /* Longest Substring Without Repeating Characters.swift */,
				5D5D353124799173000BC8D8 /* Longest Palindromic Substring.swift */,
				5D474D8B23F6F5AC00182AF8 /* 3Sum Closest.swift */,
				5D474D8D23F9C73D00182AF8 /* 3Sum.swift */,
				5D474D8F23FA083C00182AF8 /* Move Zeroes.swift */,
				5D474D9123FA0C4600182AF8 /* Rotate Array.swift */,
				5D474D9323FA289400182AF8 /* Rotate Image.swift */,
				5D5245DA24035A76001CE63C /* SortStack.swift */,
				5D5245DC240368F6001CE63C /* Add Two Numbers.swift */,
				5D5245E124077FCD001CE63C /* BFS.swift */,
				5D5245E024077FCD001CE63C /* BST.swift */,
				5D5245E824077FCE001CE63C /* Fibonacci.swift */,
				5D5245E524077FCE001CE63C /* K-th Symbol in Grammar .swift */,
				5D5245E324077FCD001CE63C /* MaximumDepthOfBinaryTree .swift */,
				5D5245E424077FCD001CE63C /* Merge Two Sorted Lists.swift */,
				5D5245E924077FCE001CE63C /* No17.letter-combinations-of-a-phone-number.swift */,
				5D5245E224077FCD001CE63C /* Pascal's Triangle.swift */,
				5D5245E624077FCE001CE63C /* Pow(x, n).swift */,
				5D5245E724077FCE001CE63C /* ReversedLinkedList.swift */,
				5D5245DE240779E2001CE63C /* Diameter of Binary Tree.swift */,
				5D5245F4240AD0C5001CE63C /* Search in Rotated Sorted Array.swift */,
				5D68108F241742890015E053 /* SearchSubstring.swift */,
				5D6810912418B0A80015E053 /* Merge Intervals.swift */,
				5D53980F24247D510040B208 /* Letter Combinations of a Phone Number.swift */,
				5D8CC1DB243440DD0030FBFF /* Sudoku Solver.swift */,
				5DB810BC24395A6F00B9BE57 /* Same Tree.swift */,
				5DB810BE2439A89D00B9BE57 /* Binary Tree Inorder Traversal.swift */,
				5DB810C0243A575700B9BE57 /* Binary Tree Level Order Traversal.swift */,
				5DB810C2243AC2FB00B9BE57 /* Largest Rectangle in Histogram.swift */,
				5DB810C824456B5300B9BE57 /* Validate Binary Search Tree.swift */,
				5DED75972455451E008B4B27 /* Max Consecutive Ones.swift */,
				5D9F86AF245A9366002DE56C /* Flatten Binary Tree to Linked List.swift */,
				5D9F86B1245CEB86002DE56C /* 787. Cheapest Flights Within K Stops.swift */,
				5D9F86B3245D350C002DE56C /* Binary Tree Maximum Path Sum.swift */,
				5D39DDBD24627FB3005E550E /* Pancake Sorting.swift */,
				5D39DDC02465251F005E550E /* Binary Tree Vertical Order Traversal.swift */,
				5DC7FCFE246E5D1200C46765 /* Roman to Integer.swift */,
				5DC7FD00246E632C00C46765 /* Product of Array Except Self.swift */,
			);
			path = "Google Interview";
			sourceTree = "<group>";
		};
/* End PBXGroup section */

/* Begin PBXNativeTarget section */
		5D53A25C23D0C68B0007E99E /* Google Interview */ = {
			isa = PBXNativeTarget;
			buildConfigurationList = 5D53A26423D0C68B0007E99E /* Build configuration list for PBXNativeTarget "Google Interview" */;
			buildPhases = (
				5D53A25923D0C68B0007E99E /* Sources */,
				5D53A25A23D0C68B0007E99E /* Frameworks */,
				5D53A25B23D0C68B0007E99E /* CopyFiles */,
			);
			buildRules = (
			);
			dependencies = (
			);
			name = "Google Interview";
			productName = "Google Interview";
			productReference = 5D53A25D23D0C68B0007E99E /* Google Interview */;
			productType = "com.apple.product-type.tool";
		};
/* End PBXNativeTarget section */

/* Begin PBXProject section */
		5D53A25523D0C68B0007E99E /* Project object */ = {
			isa = PBXProject;
			attributes = {
				LastSwiftUpdateCheck = 1120;
				LastUpgradeCheck = 1120;
				ORGANIZATIONNAME = idimka;
				TargetAttributes = {
					5D53A25C23D0C68B0007E99E = {
						CreatedOnToolsVersion = 11.2.1;
					};
				};
			};
			buildConfigurationList = 5D53A25823D0C68B0007E99E /* Build configuration list for PBXProject "Google Interview" */;
			compatibilityVersion = "Xcode 9.3";
			developmentRegion = en;
			hasScannedForEncodings = 0;
			knownRegions = (
				en,
				Base,
			);
			mainGroup = 5D53A25423D0C68B0007E99E;
			productRefGroup = 5D53A25E23D0C68B0007E99E /* Products */;
			projectDirPath = "";
			projectRoot = "";
			targets = (
				5D53A25C23D0C68B0007E99E /* Google Interview */,
			);
		};
/* End PBXProject section */

/* Begin PBXSourcesBuildPhase section */
		5D53A25923D0C68B0007E99E /* Sources */ = {
			isa = PBXSourcesBuildPhase;
			buildActionMask = 2147483647;
			files = (
				5D474D8C23F6F5AC00182AF8 /* 3Sum Closest.swift in Sources */,
				5D5245EE24077FCE001CE63C /* Merge Two Sorted Lists.swift in Sources */,
				5DED75982455451E008B4B27 /* Max Consecutive Ones.swift in Sources */,
				5D681096241EDC3A0015E053 /* Best Time to Buy and Sell Stock.swift in Sources */,
				5D474D9223FA0C4600182AF8 /* Rotate Array.swift in Sources */,
				5D6810922418B0A80015E053 /* Merge Intervals.swift in Sources */,
				5D5245D323FE5F5E001CE63C /* Remove Duplicates from Sorted Array.swift in Sources */,
				5D53981024247D510040B208 /* Letter Combinations of a Phone Number.swift in Sources */,
				5DB810CB244574E900B9BE57 /* TreeNode.swift in Sources */,
				5D681098241F1A900015E053 /* Maximum Subarray.swift in Sources */,
				5D9F86B2245CEB86002DE56C /* 787. Cheapest Flights Within K Stops.swift in Sources */,
				5D8CC1DA24313ED30030FBFF /* Robot Room Cleaner.swift in Sources */,
				5D5245ED24077FCE001CE63C /* MaximumDepthOfBinaryTree .swift in Sources */,
				5D681094241A0ECD0015E053 /* Sort Colors.swift in Sources */,
				5D5245F5240AD0C7001CE63C /* Search in Rotated Sorted Array.swift in Sources */,
				5D5245F124077FCE001CE63C /* ReversedLinkedList.swift in Sources */,
				5D474D8A23F6683B00182AF8 /* atoi.swift in Sources */,
				5D8CC1D5242B05970030FBFF /* ValidateBST.swift in Sources */,
				5D53A26C23D13D4B0007E99E /* Next Permutation.swift in Sources */,
				5D5245DB24035A77001CE63C /* SortStack.swift in Sources */,
				5D39DDBF246512CA005E550E /* BST.swift in Sources */,
				5D5245EF24077FCE001CE63C /* K-th Symbol in Grammar .swift in Sources */,
				5D5D3534247AFFDC000BC8D8 /* Add Binary.swift in Sources */,
				5D681090241742890015E053 /* SearchSubstring.swift in Sources */,
				5DB810C924456B5300B9BE57 /* Validate Binary Search Tree.swift in Sources */,
				5DB810C52443BDE000B9BE57 /* Reoder List.swift in Sources */,
				5D5245F324077FCE001CE63C /* No17.letter-combinations-of-a-phone-number.swift in Sources */,
				5D5245D123FE5CDB001CE63C /* Intersection of Two Arrays II.swift in Sources */,
				5D474D9423FA289400182AF8 /* Rotate Image.swift in Sources */,
				5D8CC1D8242DCAFC0030FBFF /* N Queens II.swift in Sources */,
				5DB810C72443E8FC00B9BE57 /* Copy List with Random Pointer.swift in Sources */,
				5D5245DF240779E2001CE63C /* Diameter of Binary Tree.swift in Sources */,
				5DC7FD01246E632C00C46765 /* Product of Array Except Self.swift in Sources */,
				5D53A26A23D0F0E70007E99E /* Fruit Into Baskets.swift in Sources */,
				5D39DDBE24627FB3005E550E /* Pancake Sorting.swift in Sources */,
				5D9F86B0245A9366002DE56C /* Flatten Binary Tree to Linked List.swift in Sources */,
				5DC7FCFD246D188100C46765 /* Multiply Strings.swift in Sources */,
				5DB810C3243AC2FB00B9BE57 /* Largest Rectangle in Histogram.swift in Sources */,
				5DC7FCFB246896CA00C46765 /* Regular Expression Matching.swift in Sources */,
				5D5245DD240368F6001CE63C /* Add Two Numbers.swift in Sources */,
				5D5D353224799173000BC8D8 /* Longest Palindromic Substring.swift in Sources */,
				5D39DDC12465251F005E550E /* Binary Tree Vertical Order Traversal.swift in Sources */,
				5D5245F024077FCE001CE63C /* Pow(x, n).swift in Sources */,
				5D5245EC24077FCE001CE63C /* Pascal's Triangle.swift in Sources */,
				5D5245D523FE6304001CE63C /* Best Time to Buy and Sell Stock II.swift in Sources */,
				5DB810BF2439A89D00B9BE57 /* Binary Tree Inorder Traversal.swift in Sources */,
				5D53A26823D0C69D0007E99E /* Unique Email Addresses.swift in Sources */,
				5D9F86B4245D350C002DE56C /* Binary Tree Maximum Path Sum.swift in Sources */,
				5DB810C1243A575700B9BE57 /* Binary Tree Level Order Traversal.swift in Sources */,
				5D5245D923FF9A5A001CE63C /* Reverse Integer.swift in Sources */,
				5D8CC1D6242B05970030FBFF /* QuickSort.swift in Sources */,
				5DB810BD24395A6F00B9BE57 /* Same Tree.swift in Sources */,
				5DC7FCF9246743A600C46765 /* Permutations.swift in Sources */,
				5D474D8E23F9C73D00182AF8 /* 3Sum.swift in Sources */,
				5DC7FCFF246E5D1200C46765 /* Roman to Integer.swift in Sources */,
				5D5245D723FE6A9D001CE63C /* Plus One.swift in Sources */,
				5D474D9023FA083C00182AF8 /* Move Zeroes.swift in Sources */,
				5D5245F224077FCE001CE63C /* Fibonacci.swift in Sources */,
				5D6DB25E23F5B514002CBEE6 /* Longest Substring Without Repeating Characters.swift in Sources */,
				5DF39023247E2C2400336CB4 /* Arithmetic Slices 413.swift in Sources */,
				5D53A26123D0C68B0007E99E /* main.swift in Sources */,
				5D8CC1D224283ED40030FBFF /* Search a 2D Matrix II.swift in Sources */,
				5D5245EB24077FCE001CE63C /* BFS.swift in Sources */,
				5D8CC1DC243440DD0030FBFF /* Sudoku Solver.swift in Sources */,
			);
			runOnlyForDeploymentPostprocessing = 0;
		};
/* End PBXSourcesBuildPhase section */

/* Begin XCBuildConfiguration section */
		5D53A26223D0C68B0007E99E /* Debug */ = {
			isa = XCBuildConfiguration;
			buildSettings = {
				ALWAYS_SEARCH_USER_PATHS = NO;
				CLANG_ANALYZER_NONNULL = YES;
				CLANG_ANALYZER_NUMBER_OBJECT_CONVERSION = YES_AGGRESSIVE;
				CLANG_CXX_LANGUAGE_STANDARD = "gnu++14";
				CLANG_CXX_LIBRARY = "libc++";
				CLANG_ENABLE_MODULES = YES;
				CLANG_ENABLE_OBJC_ARC = YES;
				CLANG_ENABLE_OBJC_WEAK = YES;
				CLANG_WARN_BLOCK_CAPTURE_AUTORELEASING = YES;
				CLANG_WARN_BOOL_CONVERSION = YES;
				CLANG_WARN_COMMA = YES;
				CLANG_WARN_CONSTANT_CONVERSION = YES;
				CLANG_WARN_DEPRECATED_OBJC_IMPLEMENTATIONS = YES;
				CLANG_WARN_DIRECT_OBJC_ISA_USAGE = YES_ERROR;
				CLANG_WARN_DOCUMENTATION_COMMENTS = YES;
				CLANG_WARN_EMPTY_BODY = YES;
				CLANG_WARN_ENUM_CONVERSION = YES;
				CLANG_WARN_INFINITE_RECURSION = YES;
				CLANG_WARN_INT_CONVERSION = YES;
				CLANG_WARN_NON_LITERAL_NULL_CONVERSION = YES;
				CLANG_WARN_OBJC_IMPLICIT_RETAIN_SELF = YES;
				CLANG_WARN_OBJC_LITERAL_CONVERSION = YES;
				CLANG_WARN_OBJC_ROOT_CLASS = YES_ERROR;
				CLANG_WARN_RANGE_LOOP_ANALYSIS = YES;
				CLANG_WARN_STRICT_PROTOTYPES = YES;
				CLANG_WARN_SUSPICIOUS_MOVE = YES;
				CLANG_WARN_UNGUARDED_AVAILABILITY = YES_AGGRESSIVE;
				CLANG_WARN_UNREACHABLE_CODE = YES;
				CLANG_WARN__DUPLICATE_METHOD_MATCH = YES;
				COPY_PHASE_STRIP = NO;
				DEBUG_INFORMATION_FORMAT = dwarf;
				ENABLE_STRICT_OBJC_MSGSEND = YES;
				ENABLE_TESTABILITY = YES;
				GCC_C_LANGUAGE_STANDARD = gnu11;
				GCC_DYNAMIC_NO_PIC = NO;
				GCC_NO_COMMON_BLOCKS = YES;
				GCC_OPTIMIZATION_LEVEL = 0;
				GCC_PREPROCESSOR_DEFINITIONS = (
					"DEBUG=1",
					"$(inherited)",
				);
				GCC_WARN_64_TO_32_BIT_CONVERSION = YES;
				GCC_WARN_ABOUT_RETURN_TYPE = YES_ERROR;
				GCC_WARN_UNDECLARED_SELECTOR = YES;
				GCC_WARN_UNINITIALIZED_AUTOS = YES_AGGRESSIVE;
				GCC_WARN_UNUSED_FUNCTION = YES;
				GCC_WARN_UNUSED_VARIABLE = YES;
				MACOSX_DEPLOYMENT_TARGET = 10.15;
				MTL_ENABLE_DEBUG_INFO = INCLUDE_SOURCE;
				MTL_FAST_MATH = YES;
				ONLY_ACTIVE_ARCH = YES;
				SDKROOT = macosx;
				SWIFT_ACTIVE_COMPILATION_CONDITIONS = DEBUG;
				SWIFT_OPTIMIZATION_LEVEL = "-Onone";
			};
			name = Debug;
		};
		5D53A26323D0C68B0007E99E /* Release */ = {
			isa = XCBuildConfiguration;
			buildSettings = {
				ALWAYS_SEARCH_USER_PATHS = NO;
				CLANG_ANALYZER_NONNULL = YES;
				CLANG_ANALYZER_NUMBER_OBJECT_CONVERSION = YES_AGGRESSIVE;
				CLANG_CXX_LANGUAGE_STANDARD = "gnu++14";
				CLANG_CXX_LIBRARY = "libc++";
				CLANG_ENABLE_MODULES = YES;
				CLANG_ENABLE_OBJC_ARC = YES;
				CLANG_ENABLE_OBJC_WEAK = YES;
				CLANG_WARN_BLOCK_CAPTURE_AUTORELEASING = YES;
				CLANG_WARN_BOOL_CONVERSION = YES;
				CLANG_WARN_COMMA = YES;
				CLANG_WARN_CONSTANT_CONVERSION = YES;
				CLANG_WARN_DEPRECATED_OBJC_IMPLEMENTATIONS = YES;
				CLANG_WARN_DIRECT_OBJC_ISA_USAGE = YES_ERROR;
				CLANG_WARN_DOCUMENTATION_COMMENTS = YES;
				CLANG_WARN_EMPTY_BODY = YES;
				CLANG_WARN_ENUM_CONVERSION = YES;
				CLANG_WARN_INFINITE_RECURSION = YES;
				CLANG_WARN_INT_CONVERSION = YES;
				CLANG_WARN_NON_LITERAL_NULL_CONVERSION = YES;
				CLANG_WARN_OBJC_IMPLICIT_RETAIN_SELF = YES;
				CLANG_WARN_OBJC_LITERAL_CONVERSION = YES;
				CLANG_WARN_OBJC_ROOT_CLASS = YES_ERROR;
				CLANG_WARN_RANGE_LOOP_ANALYSIS = YES;
				CLANG_WARN_STRICT_PROTOTYPES = YES;
				CLANG_WARN_SUSPICIOUS_MOVE = YES;
				CLANG_WARN_UNGUARDED_AVAILABILITY = YES_AGGRESSIVE;
				CLANG_WARN_UNREACHABLE_CODE = YES;
				CLANG_WARN__DUPLICATE_METHOD_MATCH = YES;
				COPY_PHASE_STRIP = NO;
				DEBUG_INFORMATION_FORMAT = "dwarf-with-dsym";
				ENABLE_NS_ASSERTIONS = NO;
				ENABLE_STRICT_OBJC_MSGSEND = YES;
				GCC_C_LANGUAGE_STANDARD = gnu11;
				GCC_NO_COMMON_BLOCKS = YES;
				GCC_WARN_64_TO_32_BIT_CONVERSION = YES;
				GCC_WARN_ABOUT_RETURN_TYPE = YES_ERROR;
				GCC_WARN_UNDECLARED_SELECTOR = YES;
				GCC_WARN_UNINITIALIZED_AUTOS = YES_AGGRESSIVE;
				GCC_WARN_UNUSED_FUNCTION = YES;
				GCC_WARN_UNUSED_VARIABLE = YES;
				MACOSX_DEPLOYMENT_TARGET = 10.15;
				MTL_ENABLE_DEBUG_INFO = NO;
				MTL_FAST_MATH = YES;
				SDKROOT = macosx;
				SWIFT_COMPILATION_MODE = wholemodule;
				SWIFT_OPTIMIZATION_LEVEL = "-O";
			};
			name = Release;
		};
		5D53A26523D0C68B0007E99E /* Debug */ = {
			isa = XCBuildConfiguration;
			buildSettings = {
				CODE_SIGN_STYLE = Automatic;
				DEVELOPMENT_TEAM = 76G3A677RZ;
				ENABLE_HARDENED_RUNTIME = YES;
				PRODUCT_NAME = "$(TARGET_NAME)";
				SWIFT_VERSION = 5.0;
			};
			name = Debug;
		};
		5D53A26623D0C68B0007E99E /* Release */ = {
			isa = XCBuildConfiguration;
			buildSettings = {
				CODE_SIGN_STYLE = Automatic;
				DEVELOPMENT_TEAM = 76G3A677RZ;
				ENABLE_HARDENED_RUNTIME = YES;
				PRODUCT_NAME = "$(TARGET_NAME)";
				SWIFT_VERSION = 5.0;
			};
			name = Release;
		};
/* End XCBuildConfiguration section */

/* Begin XCConfigurationList section */
		5D53A25823D0C68B0007E99E /* Build configuration list for PBXProject "Google Interview" */ = {
			isa = XCConfigurationList;
			buildConfigurations = (
				5D53A26223D0C68B0007E99E /* Debug */,
				5D53A26323D0C68B0007E99E /* Release */,
			);
			defaultConfigurationIsVisible = 0;
			defaultConfigurationName = Release;
		};
		5D53A26423D0C68B0007E99E /* Build configuration list for PBXNativeTarget "Google Interview" */ = {
			isa = XCConfigurationList;
			buildConfigurations = (
				5D53A26523D0C68B0007E99E /* Debug */,
				5D53A26623D0C68B0007E99E /* Release */,
			);
			defaultConfigurationIsVisible = 0;
			defaultConfigurationName = Release;
		};
/* End XCConfigurationList section */
	};
	rootObject = 5D53A25523D0C68B0007E99E /* Project object */;
}
